
Microsoft Visual Studio Solution File, Format Version 12.00
# Visual Studio Version 17
VisualStudioVersion = 17.2.32630.192
MinimumVisualStudioVersion = 10.0.40219.1
Project("{FAE04EC0-301F-11D3-BF4B-00C04F79EFBC}") = "Locker.API", "Locker.API\Locker.API.csproj", "{284E72EE-9ACC-4E69-A509-D5033AC6543C}"
EndProject
Global
	GlobalSection(SolutionConfigurationPlatforms) = preSolution
		Debug|Any CPU = Debug|Any CPU
		Release|Any CPU = Release|Any CPU
	EndGlobalSection
	GlobalSection(ProjectConfigurationPlatforms) = postSolution
		{284E72EE-9ACC-4E69-A509-D5033AC6543C}.Debug|Any CPU.ActiveCfg = Debug|Any CPU
		{284E72EE-9ACC-4E69-A509-D5033AC6543C}.Debug|Any CPU.Build.0 = Debug|Any CPU
		{284E72EE-9ACC-4E69-A509-D5033AC6543C}.Release|Any CPU.ActiveCfg = Release|Any CPU
		{284E72EE-9ACC-4E69-A509-D5033AC6543C}.Release|Any CPU.Build.0 = Release|Any CPU
	EndGlobalSection
	GlobalSection(SolutionProperties) = preSolution
		HideSolutionNode = FALSE
	EndGlobalSection
	GlobalSection(ExtensibilityGlobals) = postSolution
		SolutionGuid = {58B27249-7163-4E44-9E21-D07FFDE166E7}
	EndGlobalSection
EndGlobal
